
Microsoft Visual Studio Solution File, Format Version 12.00
Project("{FAE04EC0-301F-11D3-BF4B-00C04F79EFBC}") = "MentorLake.Redux", "src\MentorLake.Redux\MentorLake.Redux.csproj", "{1E33B52B-2178-40A8-BB71-9EDE01960F31}"
EndProject
Global
	GlobalSection(SolutionConfigurationPlatforms) = preSolution
		Debug|Any CPU = Debug|Any CPU
		Release|Any CPU = Release|Any CPU
	EndGlobalSection
	GlobalSection(ProjectConfigurationPlatforms) = postSolution
		{1E33B52B-2178-40A8-BB71-9EDE01960F31}.Debug|Any CPU.ActiveCfg = Debug|Any CPU
		{1E33B52B-2178-40A8-BB71-9EDE01960F31}.Debug|Any CPU.Build.0 = Debug|Any CPU
		{1E33B52B-2178-40A8-BB71-9EDE01960F31}.Release|Any CPU.ActiveCfg = Release|Any CPU
		{1E33B52B-2178-40A8-BB71-9EDE01960F31}.Release|Any CPU.Build.0 = Release|Any CPU
	EndGlobalSection
EndGlobal
